
Microsoft Visual Studio Solution File, Format Version 12.00
# Visual Studio Version 17
VisualStudioVersion = 17.2.32526.322
MinimumVisualStudioVersion = 10.0.40219.1
Project("{2150E333-8FDC-42A3-9474-1A3956D46DE8}") = "ApiGateways", "ApiGateways", "{4375C5FE-957E-49AF-B64D-99919283440C}"
EndProject
Project("{2150E333-8FDC-42A3-9474-1A3956D46DE8}") = "Services", "Services", "{DEEA1B37-F573-4957-90AD-49674C1B1CA2}"
EndProject
Project("{2150E333-8FDC-42A3-9474-1A3956D46DE8}") = "WebApps", "WebApps", "{C4F45EE6-8E60-48E0-B6FA-2FBA100B3DFA}"
EndProject
Project("{2150E333-8FDC-42A3-9474-1A3956D46DE8}") = "Tests", "Tests", "{F00D129D-05F8-465B-82C3-80ACD9C7B2C1}"
EndProject
Project("{2150E333-8FDC-42A3-9474-1A3956D46DE8}") = "ServicesTests", "ServicesTests", "{FF0444B4-13A4-4C15-AAEA-B6D014DA748F}"
EndProject
Project("{2150E333-8FDC-42A3-9474-1A3956D46DE8}") = "CommonLibraries", "CommonLibraries", "{EE425CCA-D02A-4F8F-A834-CFE6693E64F3}"
EndProject
Project("{2150E333-8FDC-42A3-9474-1A3956D46DE8}") = "Carting", "Carting", "{3F62DE4F-7420-4788-84C4-2F90C9B4199F}"
EndProject
Project("{2150E333-8FDC-42A3-9474-1A3956D46DE8}") = "Catalog", "Catalog", "{11F878AE-ACC2-4CC9-9373-0368F0772A26}"
EndProject
Project("{9A19103F-16F7-4668-BE54-9A1E7A4F7556}") = "OnlineStore.CartingService", "Services\Carting\Carting\OnlineStore.CartingService.csproj", "{D9F162CC-9D69-4F1B-8CC3-82D2D8A3549C}"
EndProject
Project("{9A19103F-16F7-4668-BE54-9A1E7A4F7556}") = "OnlineStore.Catalog.API", "Services\Catalog\OnlineStore.Catalog.API\OnlineStore.Catalog.API.csproj", "{C826CFD2-BD01-47A3-8148-6D1F001CDE86}"
EndProject
Project("{9A19103F-16F7-4668-BE54-9A1E7A4F7556}") = "OnlineStore.Catalog.Domain", "Services\Catalog\OnlineStore.Catalog.Domain\OnlineStore.Catalog.Domain.csproj", "{66594275-4A0D-45CF-94DF-429A588A5114}"
EndProject
Project("{9A19103F-16F7-4668-BE54-9A1E7A4F7556}") = "OnlineStore.Catalog.Persistence", "Services\Catalog\OnlineStore.Catalog.Persistence\OnlineStore.Catalog.Persistence.csproj", "{D87717EE-676C-4661-B7E1-1033364A2EA5}"
EndProject
Project("{9A19103F-16F7-4668-BE54-9A1E7A4F7556}") = "OnlineStore.Catalog.Application", "Services\Catalog\OnlineStore.Catalog.Application\OnlineStore.Catalog.Application.csproj", "{7535D237-E3C1-415D-846B-59FDF15639BB}"
EndProject
Project("{2150E333-8FDC-42A3-9474-1A3956D46DE8}") = "EventBus", "EventBus", "{A73DCA38-392B-427F-B1E4-FBF9FEA95F24}"
EndProject
Project("{9A19103F-16F7-4668-BE54-9A1E7A4F7556}") = "OnlineStore.EventBus.RabbitMQ", "CommonLibraries\EventBus\OnlineStore.EventBus.RabbitMQ\OnlineStore.EventBus.RabbitMQ.csproj", "{BB8B5DAF-613E-492A-A5D1-4CC8AFE3FDED}"
EndProject
Project("{9A19103F-16F7-4668-BE54-9A1E7A4F7556}") = "OnlineStore.EventBus", "CommonLibraries\EventBus\OnlineStore.EventBus\OnlineStore.EventBus.csproj", "{F3AD1D27-C231-48A5-98D5-6A9983BF1007}"
EndProject
Project("{2150E333-8FDC-42A3-9474-1A3956D46DE8}") = "Identity", "Identity", "{81901867-9CA5-4762-98C3-30A2E95139B3}"
EndProject
Project("{9A19103F-16F7-4668-BE54-9A1E7A4F7556}") = "OnlineStore.AuthServer", "Services\Identity\OnlineStore.AuthServer\OnlineStore.AuthServer.csproj", "{38126BE9-9F2B-47DB-A561-CB7DF1A382D0}"
EndProject
Project("{FAE04EC0-301F-11D3-BF4B-00C04F79EFBC}") = "OnlineStore.HttpAggregator", "ApiGateways\OnlineStore.HttpAggregator\OnlineStore.HttpAggregator.csproj", "{BCD8E431-459D-41AC-8517-6CE45EAB612C}"
EndProject
Global
	GlobalSection(SolutionConfigurationPlatforms) = preSolution
		Debug|Any CPU = Debug|Any CPU
		Release|Any CPU = Release|Any CPU
	EndGlobalSection
	GlobalSection(ProjectConfigurationPlatforms) = postSolution
		{D9F162CC-9D69-4F1B-8CC3-82D2D8A3549C}.Debug|Any CPU.ActiveCfg = Debug|Any CPU
		{D9F162CC-9D69-4F1B-8CC3-82D2D8A3549C}.Debug|Any CPU.Build.0 = Debug|Any CPU
		{D9F162CC-9D69-4F1B-8CC3-82D2D8A3549C}.Release|Any CPU.ActiveCfg = Release|Any CPU
		{D9F162CC-9D69-4F1B-8CC3-82D2D8A3549C}.Release|Any CPU.Build.0 = Release|Any CPU
		{C826CFD2-BD01-47A3-8148-6D1F001CDE86}.Debug|Any CPU.ActiveCfg = Debug|Any CPU
		{C826CFD2-BD01-47A3-8148-6D1F001CDE86}.Debug|Any CPU.Build.0 = Debug|Any CPU
		{C826CFD2-BD01-47A3-8148-6D1F001CDE86}.Release|Any CPU.ActiveCfg = Release|Any CPU
		{C826CFD2-BD01-47A3-8148-6D1F001CDE86}.Release|Any CPU.Build.0 = Release|Any CPU
		{66594275-4A0D-45CF-94DF-429A588A5114}.Debug|Any CPU.ActiveCfg = Debug|Any CPU
		{66594275-4A0D-45CF-94DF-429A588A5114}.Debug|Any CPU.Build.0 = Debug|Any CPU
		{66594275-4A0D-45CF-94DF-429A588A5114}.Release|Any CPU.ActiveCfg = Release|Any CPU
		{66594275-4A0D-45CF-94DF-429A588A5114}.Release|Any CPU.Build.0 = Release|Any CPU
		{D87717EE-676C-4661-B7E1-1033364A2EA5}.Debug|Any CPU.ActiveCfg = Debug|Any CPU
		{D87717EE-676C-4661-B7E1-1033364A2EA5}.Debug|Any CPU.Build.0 = Debug|Any CPU
		{D87717EE-676C-4661-B7E1-1033364A2EA5}.Release|Any CPU.ActiveCfg = Release|Any CPU
		{D87717EE-676C-4661-B7E1-1033364A2EA5}.Release|Any CPU.Build.0 = Release|Any CPU
		{7535D237-E3C1-415D-846B-59FDF15639BB}.Debug|Any CPU.ActiveCfg = Debug|Any CPU
		{7535D237-E3C1-415D-846B-59FDF15639BB}.Debug|Any CPU.Build.0 = Debug|Any CPU
		{7535D237-E3C1-415D-846B-59FDF15639BB}.Release|Any CPU.ActiveCfg = Release|Any CPU
		{7535D237-E3C1-415D-846B-59FDF15639BB}.Release|Any CPU.Build.0 = Release|Any CPU
		{BB8B5DAF-613E-492A-A5D1-4CC8AFE3FDED}.Debug|Any CPU.ActiveCfg = Debug|Any CPU
		{BB8B5DAF-613E-492A-A5D1-4CC8AFE3FDED}.Debug|Any CPU.Build.0 = Debug|Any CPU
		{BB8B5DAF-613E-492A-A5D1-4CC8AFE3FDED}.Release|Any CPU.ActiveCfg = Release|Any CPU
		{BB8B5DAF-613E-492A-A5D1-4CC8AFE3FDED}.Release|Any CPU.Build.0 = Release|Any CPU
		{F3AD1D27-C231-48A5-98D5-6A9983BF1007}.Debug|Any CPU.ActiveCfg = Debug|Any CPU
		{F3AD1D27-C231-48A5-98D5-6A9983BF1007}.Debug|Any CPU.Build.0 = Debug|Any CPU
		{F3AD1D27-C231-48A5-98D5-6A9983BF1007}.Release|Any CPU.ActiveCfg = Release|Any CPU
		{F3AD1D27-C231-48A5-98D5-6A9983BF1007}.Release|Any CPU.Build.0 = Release|Any CPU
		{38126BE9-9F2B-47DB-A561-CB7DF1A382D0}.Debug|Any CPU.ActiveCfg = Debug|Any CPU
		{38126BE9-9F2B-47DB-A561-CB7DF1A382D0}.Debug|Any CPU.Build.0 = Debug|Any CPU
		{38126BE9-9F2B-47DB-A561-CB7DF1A382D0}.Release|Any CPU.ActiveCfg = Release|Any CPU
		{38126BE9-9F2B-47DB-A561-CB7DF1A382D0}.Release|Any CPU.Build.0 = Release|Any CPU
		{BCD8E431-459D-41AC-8517-6CE45EAB612C}.Debug|Any CPU.ActiveCfg = Debug|Any CPU
		{BCD8E431-459D-41AC-8517-6CE45EAB612C}.Debug|Any CPU.Build.0 = Debug|Any CPU
		{BCD8E431-459D-41AC-8517-6CE45EAB612C}.Release|Any CPU.ActiveCfg = Release|Any CPU
		{BCD8E431-459D-41AC-8517-6CE45EAB612C}.Release|Any CPU.Build.0 = Release|Any CPU
	EndGlobalSection
	GlobalSection(SolutionProperties) = preSolution
		HideSolutionNode = FALSE
	EndGlobalSection
	GlobalSection(NestedProjects) = preSolution
		{FF0444B4-13A4-4C15-AAEA-B6D014DA748F} = {F00D129D-05F8-465B-82C3-80ACD9C7B2C1}
		{3F62DE4F-7420-4788-84C4-2F90C9B4199F} = {DEEA1B37-F573-4957-90AD-49674C1B1CA2}
		{11F878AE-ACC2-4CC9-9373-0368F0772A26} = {DEEA1B37-F573-4957-90AD-49674C1B1CA2}
		{D9F162CC-9D69-4F1B-8CC3-82D2D8A3549C} = {3F62DE4F-7420-4788-84C4-2F90C9B4199F}
		{C826CFD2-BD01-47A3-8148-6D1F001CDE86} = {11F878AE-ACC2-4CC9-9373-0368F0772A26}
		{66594275-4A0D-45CF-94DF-429A588A5114} = {11F878AE-ACC2-4CC9-9373-0368F0772A26}
		{D87717EE-676C-4661-B7E1-1033364A2EA5} = {11F878AE-ACC2-4CC9-9373-0368F0772A26}
		{7535D237-E3C1-415D-846B-59FDF15639BB} = {11F878AE-ACC2-4CC9-9373-0368F0772A26}
		{A73DCA38-392B-427F-B1E4-FBF9FEA95F24} = {EE425CCA-D02A-4F8F-A834-CFE6693E64F3}
		{BB8B5DAF-613E-492A-A5D1-4CC8AFE3FDED} = {A73DCA38-392B-427F-B1E4-FBF9FEA95F24}
		{F3AD1D27-C231-48A5-98D5-6A9983BF1007} = {A73DCA38-392B-427F-B1E4-FBF9FEA95F24}
		{81901867-9CA5-4762-98C3-30A2E95139B3} = {DEEA1B37-F573-4957-90AD-49674C1B1CA2}
		{38126BE9-9F2B-47DB-A561-CB7DF1A382D0} = {81901867-9CA5-4762-98C3-30A2E95139B3}
		{BCD8E431-459D-41AC-8517-6CE45EAB612C} = {4375C5FE-957E-49AF-B64D-99919283440C}
	EndGlobalSection
	GlobalSection(ExtensibilityGlobals) = postSolution
		SolutionGuid = {7385BC45-CD0C-4D6E-819B-C901DCA34A3C}
	EndGlobalSection
EndGlobal
